// !$*UTF8*$!
{
	archiveVersion = 1;
	classes = {
	};
	objectVersion = 77;
	objects = {

/* Begin PBXBuildFile section */
		2FDA2FB0D035796744E565B1 /* LocalExamplePackage in Frameworks */ = {isa = PBXBuildFile; productRef = 0550184230ECA4237576D053 /* LocalExamplePackage */; };
		BF16586D2F631E8800CB0EF2 /* HostedSnapshotHelper in Frameworks */ = {isa = PBXBuildFile; productRef = BF16586C2F631E8800CB0EF2 /* HostedSnapshotHelper */; };
		BFCFC5442F6C2D5C004A8DCB /* AllTests.xctestplan in Resources */ = {isa = PBXBuildFile; fileRef = BFCFC5432F6C2D5C004A8DCB /* AllTests.xctestplan */; };
/* End PBXBuildFile section */

/* Begin PBXContainerItemProxy section */
		BF8865D32F603DB400FD33E8 /* PBXContainerItemProxy */ = {
			isa = PBXContainerItemProxy;
			containerPortal = BF8865BD2F603DAF00FD33E8 /* Project object */;
			proxyType = 1;
			remoteGlobalIDString = BF8865C42F603DAF00FD33E8;
			remoteInfo = SnapshotsInPackages;
		};
/* End PBXContainerItemProxy section */

/* Begin PBXFileReference section */
		BF8865C52F603DAF00FD33E8 /* SnapshotsInPackages.app */ = {isa = PBXFileReference; explicitFileType = wrapper.application; includeInIndex = 0; path = SnapshotsInPackages.app; sourceTree = BUILT_PRODUCTS_DIR; };
		BF8865D22F603DB400FD33E8 /* SnapshotsInPackagesTests.xctest */ = {isa = PBXFileReference; explicitFileType = wrapper.cfbundle; includeInIndex = 0; path = SnapshotsInPackagesTests.xctest; sourceTree = BUILT_PRODUCTS_DIR; };
		BFCFC5432F6C2D5C004A8DCB /* AllTests.xctestplan */ = {isa = PBXFileReference; lastKnownFileType = text; path = AllTests.xctestplan; sourceTree = "<group>"; };
/* End PBXFileReference section */

/* Begin PBXFileSystemSynchronizedRootGroup section */
		BF8865C72F603DAF00FD33E8 /* SnapshotsInPackages */ = {
			isa = PBXFileSystemSynchronizedRootGroup;
			path = SnapshotsInPackages;
			sourceTree = "<group>";
		};
		BF8865D52F603DB400FD33E8 /* SnapshotsInPackagesTests */ = {
			isa = PBXFileSystemSynchronizedRootGroup;
			path = SnapshotsInPackagesTests;
			sourceTree = "<group>";
		};
/* End PBXFileSystemSynchronizedRootGroup section */

/* Begin PBXFrameworksBuildPhase section */
		BF8865C22F603DAF00FD33E8 /* Frameworks */ = {
			isa = PBXFrameworksBuildPhase;
			buildActionMask = 2147483647;
			files = (
				2FDA2FB0D035796744E565B1 /* LocalExamplePackage in Frameworks */,
			);
			runOnlyForDeploymentPostprocessing = 0;
		};
		BF8865CF2F603DB400FD33E8 /* Frameworks */ = {
			isa = PBXFrameworksBuildPhase;
			buildActionMask = 2147483647;
			files = (
				BF16586D2F631E8800CB0EF2 /* HostedSnapshotHelper in Frameworks */,
			);
			runOnlyForDeploymentPostprocessing = 0;
		};
/* End PBXFrameworksBuildPhase section */

/* Begin PBXGroup section */
		BF8865BC2F603DAF00FD33E8 = {
			isa = PBXGroup;
			children = (
				BFCFC5432F6C2D5C004A8DCB /* AllTests.xctestplan */,
				BF8865C72F603DAF00FD33E8 /* SnapshotsInPackages */,
				BF8865D52F603DB400FD33E8 /* SnapshotsInPackagesTests */,
				BF8865C62F603DAF00FD33E8 /* Products */,
			);
			sourceTree = "<group>";
		};
		BF8865C62F603DAF00FD33E8 /* Products */ = {
			isa = PBXGroup;
			children = (
				BF8865C52F603DAF00FD33E8 /* SnapshotsInPackages.app */,
				BF8865D22F603DB400FD33E8 /* SnapshotsInPackagesTests.xctest */,
			);
			name = Products;
			sourceTree = "<group>";
		};
/* End PBXGroup section */

/* Begin PBXNativeTarget section */
		BF8865C42F603DAF00FD33E8 /* SnapshotsInPackages */ = {
			isa = PBXNativeTarget;
			buildConfigurationList = BF8865E62F603DB400FD33E8 /* Build configuration list for PBXNativeTarget "SnapshotsInPackages" */;
			buildPhases = (
				85A91944EBD44948A7D9A4FE /* Generate Hosted Snapshot Registry */,
				BF8865C12F603DAF00FD33E8 /* Sources */,
				BF8865C22F603DAF00FD33E8 /* Frameworks */,
				BF8865C32F603DAF00FD33E8 /* Resources */,
			);
			buildRules = (
			);
			dependencies = (
			);
			fileSystemSynchronizedGroups = (
				BF8865C72F603DAF00FD33E8 /* SnapshotsInPackages */,
			);
			name = SnapshotsInPackages;
			packageProductDependencies = (
				0550184230ECA4237576D053 /* LocalExamplePackage */,
			);
			productName = SnapshotsInPackages;
			productReference = BF8865C52F603DAF00FD33E8 /* SnapshotsInPackages.app */;
			productType = "com.apple.product-type.application";
		};
		BF8865D12F603DB400FD33E8 /* SnapshotsInPackagesTests */ = {
			isa = PBXNativeTarget;
			buildConfigurationList = BF8865E92F603DB400FD33E8 /* Build configuration list for PBXNativeTarget "SnapshotsInPackagesTests" */;
			buildPhases = (
				BF8865CE2F603DB400FD33E8 /* Sources */,
				BF8865CF2F603DB400FD33E8 /* Frameworks */,
				BF8865D02F603DB400FD33E8 /* Resources */,
			);
			buildRules = (
			);
			dependencies = (
				BF8865D42F603DB400FD33E8 /* PBXTargetDependency */,
			);
			fileSystemSynchronizedGroups = (
				BF8865D52F603DB400FD33E8 /* SnapshotsInPackagesTests */,
			);
			name = SnapshotsInPackagesTests;
			packageProductDependencies = (
				BF16586C2F631E8800CB0EF2 /* HostedSnapshotHelper */,
			);
			productName = SnapshotsInPackagesTests;
			productReference = BF8865D22F603DB400FD33E8 /* SnapshotsInPackagesTests.xctest */;
			productType = "com.apple.product-type.bundle.unit-test";
		};
/* End PBXNativeTarget section */

/* Begin PBXProject section */
		BF8865BD2F603DAF00FD33E8 /* Project object */ = {
			isa = PBXProject;
			attributes = {
				BuildIndependentTargetsInParallel = 1;
				LastSwiftUpdateCheck = 2630;
				LastUpgradeCheck = 2630;
				TargetAttributes = {
					BF8865C42F603DAF00FD33E8 = {
						CreatedOnToolsVersion = 26.3;
					};
					BF8865D12F603DB400FD33E8 = {
						CreatedOnToolsVersion = 26.3;
						TestTargetID = BF8865C42F603DAF00FD33E8;
					};
				};
			};
			buildConfigurationList = BF8865C02F603DAF00FD33E8 /* Build configuration list for PBXProject "SnapshotsInPackages" */;
			developmentRegion = en;
			hasScannedForEncodings = 0;
			knownRegions = (
				en,
				Base,
			);
			mainGroup = BF8865BC2F603DAF00FD33E8;
			minimizedProjectReferenceProxies = 1;
			packageReferences = (
				F8E83410CFDBAEAD7C82F7FA /* XCLocalSwiftPackageReference "LocalExamplePackage" */,
				BF16586B2F631E8800CB0EF2 /* XCLocalSwiftPackageReference "../../HostedSnapshotHelper" */,
			);
			preferredProjectObjectVersion = 77;
			productRefGroup = BF8865C62F603DAF00FD33E8 /* Products */;
			projectDirPath = "";
			projectRoot = "";
			targets = (
				BF8865C42F603DAF00FD33E8 /* SnapshotsInPackages */,
				BF8865D12F603DB400FD33E8 /* SnapshotsInPackagesTests */,
			);
		};
/* End PBXProject section */

/* Begin PBXResourcesBuildPhase section */
		BF8865C32F603DAF00FD33E8 /* Resources */ = {
			isa = PBXResourcesBuildPhase;
			buildActionMask = 2147483647;
			files = (
				BFCFC5442F6C2D5C004A8DCB /* AllTests.xctestplan in Resources */,
			);
			runOnlyForDeploymentPostprocessing = 0;
		};
		BF8865D02F603DB400FD33E8 /* Resources */ = {
			isa = PBXResourcesBuildPhase;
			buildActionMask = 2147483647;
			files = (
			);
			runOnlyForDeploymentPostprocessing = 0;
		};
/* End PBXResourcesBuildPhase section */

/* Begin PBXShellScriptBuildPhase section */
		85A91944EBD44948A7D9A4FE /* Generate Hosted Snapshot Registry */ = {
			isa = PBXShellScriptBuildPhase;
			alwaysOutOfDate = 1;
			buildActionMask = 2147483647;
			files = (
			);
			inputFileListPaths = (
			);
			inputPaths = (
			);
			name = "Generate Hosted Snapshot Registry";
			outputFileListPaths = (
			);
			outputPaths = (
				"$(SRCROOT)/SnapshotsInPackagesTests/LocalExamplePackageHostedSnapshotTests.generated.swift",
			);
			runOnlyForDeploymentPostprocessing = 0;
			shellPath = /bin/sh;
			shellScript = "set -eu\nOUTPUT_DIR=\"${SRCROOT}/SnapshotsInPackagesTests\"\nPACKAGE_ROOT=\"${SRCROOT}/LocalExamplePackage\"\nHELPER_ROOT=\"${SRCROOT}/..\"\n\nenv -u SDKROOT \\\n    -u PLATFORM_NAME \\\n    -u EFFECTIVE_PLATFORM_NAME \\\n    -u ARCHS \\\n    xcrun --sdk macosx swift run \\\n        --package-path \"$HELPER_ROOT\" \\\n        HostedSnapshotRegistryGenerator \\\n        --package \"$PACKAGE_ROOT\" \\\n        --output-dir \"$OUTPUT_DIR\"\n";
		};
/* End PBXShellScriptBuildPhase section */

/* Begin PBXSourcesBuildPhase section */
		BF8865C12F603DAF00FD33E8 /* Sources */ = {
			isa = PBXSourcesBuildPhase;
			buildActionMask = 2147483647;
			files = (
			);
			runOnlyForDeploymentPostprocessing = 0;
		};
		BF8865CE2F603DB400FD33E8 /* Sources */ = {
			isa = PBXSourcesBuildPhase;
			buildActionMask = 2147483647;
			files = (
			);
			runOnlyForDeploymentPostprocessing = 0;
		};
/* End PBXSourcesBuildPhase section */

/* Begin PBXTargetDependency section */
		BF8865D42F603DB400FD33E8 /* PBXTargetDependency */ = {
			isa = PBXTargetDependency;
			target = BF8865C42F603DAF00FD33E8 /* SnapshotsInPackages */;
			targetProxy = BF8865D32F603DB400FD33E8 /* PBXContainerItemProxy */;
		};
/* End PBXTargetDependency section */

/* Begin XCBuildConfiguration section */
		BF8865E42F603DB400FD33E8 /* Debug */ = {
			isa = XCBuildConfiguration;
			buildSettings = {
				ALWAYS_SEARCH_USER_PATHS = NO;
				ASSETCATALOG_COMPILER_GENERATE_SWIFT_ASSET_SYMBOL_EXTENSIONS = YES;
				CLANG_ANALYZER_NONNULL = YES;
				CLANG_ANALYZER_NUMBER_OBJECT_CONVERSION = YES_AGGRESSIVE;
				CLANG_CXX_LANGUAGE_STANDARD = "gnu++20";
				CLANG_ENABLE_MODULES = YES;
				CLANG_ENABLE_OBJC_ARC = YES;
				CLANG_ENABLE_OBJC_WEAK = YES;
				CLANG_WARN_BLOCK_CAPTURE_AUTORELEASING = YES;
				CLANG_WARN_BOOL_CONVERSION = YES;
				CLANG_WARN_COMMA = YES;
				CLANG_WARN_CONSTANT_CONVERSION = YES;
				CLANG_WARN_DEPRECATED_OBJC_IMPLEMENTATIONS = YES;
				CLANG_WARN_DIRECT_OBJC_ISA_USAGE = YES_ERROR;
				CLANG_WARN_DOCUMENTATION_COMMENTS = YES;
				CLANG_WARN_EMPTY_BODY = YES;
				CLANG_WARN_ENUM_CONVERSION = YES;
				CLANG_WARN_INFINITE_RECURSION = YES;
				CLANG_WARN_INT_CONVERSION = YES;
				CLANG_WARN_NON_LITERAL_NULL_CONVERSION = YES;
				CLANG_WARN_OBJC_IMPLICIT_RETAIN_SELF = YES;
				CLANG_WARN_OBJC_LITERAL_CONVERSION = YES;
				CLANG_WARN_OBJC_ROOT_CLASS = YES_ERROR;
				CLANG_WARN_QUOTED_INCLUDE_IN_FRAMEWORK_HEADER = YES;
				CLANG_WARN_RANGE_LOOP_ANALYSIS = YES;
				CLANG_WARN_STRICT_PROTOTYPES = YES;
				CLANG_WARN_SUSPICIOUS_MOVE = YES;
				CLANG_WARN_UNGUARDED_AVAILABILITY = YES_AGGRESSIVE;
				CLANG_WARN_UNREACHABLE_CODE = YES;
				CLANG_WARN__DUPLICATE_METHOD_MATCH = YES;
				COPY_PHASE_STRIP = NO;
				DEBUG_INFORMATION_FORMAT = dwarf;
				DEVELOPMENT_TEAM = 7962U4F3M2;
				ENABLE_STRICT_OBJC_MSGSEND = YES;
				ENABLE_TESTABILITY = YES;
				ENABLE_USER_SCRIPT_SANDBOXING = YES;
				GCC_C_LANGUAGE_STANDARD = gnu17;
				GCC_DYNAMIC_NO_PIC = NO;
				GCC_NO_COMMON_BLOCKS = YES;
				GCC_OPTIMIZATION_LEVEL = 0;
				GCC_PREPROCESSOR_DEFINITIONS = (
					"DEBUG=1",
					"$(inherited)",
				);
				GCC_WARN_64_TO_32_BIT_CONVERSION = YES;
				GCC_WARN_ABOUT_RETURN_TYPE = YES_ERROR;
				GCC_WARN_UNDECLARED_SELECTOR = YES;
				GCC_WARN_UNINITIALIZED_AUTOS = YES_AGGRESSIVE;
				GCC_WARN_UNUSED_FUNCTION = YES;
				GCC_WARN_UNUSED_VARIABLE = YES;
				IPHONEOS_DEPLOYMENT_TARGET = 26.2;
				LOCALIZATION_PREFERS_STRING_CATALOGS = YES;
				MTL_ENABLE_DEBUG_INFO = INCLUDE_SOURCE;
				MTL_FAST_MATH = YES;
				ONLY_ACTIVE_ARCH = YES;
				SDKROOT = iphoneos;
				SWIFT_ACTIVE_COMPILATION_CONDITIONS = "DEBUG $(inherited)";
				SWIFT_OPTIMIZATION_LEVEL = "-Onone";
			};
			name = Debug;
		};
		BF8865E52F603DB400FD33E8 /* Release */ = {
			isa = XCBuildConfiguration;
			buildSettings = {
				ALWAYS_SEARCH_USER_PATHS = NO;
				ASSETCATALOG_COMPILER_GENERATE_SWIFT_ASSET_SYMBOL_EXTENSIONS = YES;
				CLANG_ANALYZER_NONNULL = YES;
				CLANG_ANALYZER_NUMBER_OBJECT_CONVERSION = YES_AGGRESSIVE;
				CLANG_CXX_LANGUAGE_STANDARD = "gnu++20";
				CLANG_ENABLE_MODULES = YES;
				CLANG_ENABLE_OBJC_ARC = YES;
				CLANG_ENABLE_OBJC_WEAK = YES;
				CLANG_WARN_BLOCK_CAPTURE_AUTORELEASING = YES;
				CLANG_WARN_BOOL_CONVERSION = YES;
				CLANG_WARN_COMMA = YES;
				CLANG_WARN_CONSTANT_CONVERSION = YES;
				CLANG_WARN_DEPRECATED_OBJC_IMPLEMENTATIONS = YES;
				CLANG_WARN_DIRECT_OBJC_ISA_USAGE = YES_ERROR;
				CLANG_WARN_DOCUMENTATION_COMMENTS = YES;
				CLANG_WARN_EMPTY_BODY = YES;
				CLANG_WARN_ENUM_CONVERSION = YES;
				CLANG_WARN_INFINITE_RECURSION = YES;
				CLANG_WARN_INT_CONVERSION = YES;
				CLANG_WARN_NON_LITERAL_NULL_CONVERSION = YES;
				CLANG_WARN_OBJC_IMPLICIT_RETAIN_SELF = YES;
				CLANG_WARN_OBJC_LITERAL_CONVERSION = YES;
				CLANG_WARN_OBJC_ROOT_CLASS = YES_ERROR;
				CLANG_WARN_QUOTED_INCLUDE_IN_FRAMEWORK_HEADER = YES;
				CLANG_WARN_RANGE_LOOP_ANALYSIS = YES;
				CLANG_WARN_STRICT_PROTOTYPES = YES;
				CLANG_WARN_SUSPICIOUS_MOVE = YES;
				CLANG_WARN_UNGUARDED_AVAILABILITY = YES_AGGRESSIVE;
				CLANG_WARN_UNREACHABLE_CODE = YES;
				CLANG_WARN__DUPLICATE_METHOD_MATCH = YES;
				COPY_PHASE_STRIP = NO;
				DEBUG_INFORMATION_FORMAT = "dwarf-with-dsym";
				DEVELOPMENT_TEAM = 7962U4F3M2;
				ENABLE_NS_ASSERTIONS = NO;
				ENABLE_STRICT_OBJC_MSGSEND = YES;
				ENABLE_USER_SCRIPT_SANDBOXING = YES;
				GCC_C_LANGUAGE_STANDARD = gnu17;
				GCC_NO_COMMON_BLOCKS = YES;
				GCC_WARN_64_TO_32_BIT_CONVERSION = YES;
				GCC_WARN_ABOUT_RETURN_TYPE = YES_ERROR;
				GCC_WARN_UNDECLARED_SELECTOR = YES;
				GCC_WARN_UNINITIALIZED_AUTOS = YES_AGGRESSIVE;
				GCC_WARN_UNUSED_FUNCTION = YES;
				GCC_WARN_UNUSED_VARIABLE = YES;
				IPHONEOS_DEPLOYMENT_TARGET = 26.2;
				LOCALIZATION_PREFERS_STRING_CATALOGS = YES;
				MTL_ENABLE_DEBUG_INFO = NO;
				MTL_FAST_MATH = YES;
				SDKROOT = iphoneos;
				SWIFT_COMPILATION_MODE = wholemodule;
				VALIDATE_PRODUCT = YES;
			};
			name = Release;
		};
		BF8865E72F603DB400FD33E8 /* Debug */ = {
			isa = XCBuildConfiguration;
			buildSettings = {
				ASSETCATALOG_COMPILER_APPICON_NAME = AppIcon;
				ASSETCATALOG_COMPILER_GLOBAL_ACCENT_COLOR_NAME = AccentColor;
				CODE_SIGN_STYLE = Automatic;
				CURRENT_PROJECT_VERSION = 1;
				DEVELOPMENT_TEAM = 7962U4F3M2;
				ENABLE_PREVIEWS = YES;
				ENABLE_USER_SCRIPT_SANDBOXING = NO;
				GENERATE_INFOPLIST_FILE = YES;
				INFOPLIST_KEY_UIApplicationSceneManifest_Generation = YES;
				INFOPLIST_KEY_UIApplicationSupportsIndirectInputEvents = YES;
				INFOPLIST_KEY_UILaunchScreen_Generation = YES;
				INFOPLIST_KEY_UISupportedInterfaceOrientations_iPad = "UIInterfaceOrientationPortrait UIInterfaceOrientationPortraitUpsideDown UIInterfaceOrientationLandscapeLeft UIInterfaceOrientationLandscapeRight";
				INFOPLIST_KEY_UISupportedInterfaceOrientations_iPhone = "UIInterfaceOrientationPortrait UIInterfaceOrientationLandscapeLeft UIInterfaceOrientationLandscapeRight";
				LD_RUNPATH_SEARCH_PATHS = (
					"$(inherited)",
					"@executable_path/Frameworks",
				);
				MARKETING_VERSION = 1.0;
				PRODUCT_BUNDLE_IDENTIFIER = de.teufel.SnapshotsInPackages;
				PRODUCT_NAME = "$(TARGET_NAME)";
				STRING_CATALOG_GENERATE_SYMBOLS = YES;
				SWIFT_APPROACHABLE_CONCURRENCY = YES;
				SWIFT_DEFAULT_ACTOR_ISOLATION = MainActor;
				SWIFT_EMIT_LOC_STRINGS = YES;
				SWIFT_UPCOMING_FEATURE_MEMBER_IMPORT_VISIBILITY = YES;
				SWIFT_VERSION = 5.0;
				TARGETED_DEVICE_FAMILY = "1,2";
			};
			name = Debug;
		};
		BF8865E82F603DB400FD33E8 /* Release */ = {
			isa = XCBuildConfiguration;
			buildSettings = {
				ASSETCATALOG_COMPILER_APPICON_NAME = AppIcon;
				ASSETCATALOG_COMPILER_GLOBAL_ACCENT_COLOR_NAME = AccentColor;
				CODE_SIGN_STYLE = Automatic;
				CURRENT_PROJECT_VERSION = 1;
				DEVELOPMENT_TEAM = 7962U4F3M2;
				ENABLE_PREVIEWS = YES;
				ENABLE_USER_SCRIPT_SANDBOXING = NO;
				GENERATE_INFOPLIST_FILE = YES;
				INFOPLIST_KEY_UIApplicationSceneManifest_Generation = YES;
				INFOPLIST_KEY_UIApplicationSupportsIndirectInputEvents = YES;
				INFOPLIST_KEY_UILaunchScreen_Generation = YES;
				INFOPLIST_KEY_UISupportedInterfaceOrientations_iPad = "UIInterfaceOrientationPortrait UIInterfaceOrientationPortraitUpsideDown UIInterfaceOrientationLandscapeLeft UIInterfaceOrientationLandscapeRight";
				INFOPLIST_KEY_UISupportedInterfaceOrientations_iPhone = "UIInterfaceOrientationPortrait UIInterfaceOrientationLandscapeLeft UIInterfaceOrientationLandscapeRight";
				LD_RUNPATH_SEARCH_PATHS = (
					"$(inherited)",
					"@executable_path/Frameworks",
				);
				MARKETING_VERSION = 1.0;
				PRODUCT_BUNDLE_IDENTIFIER = de.teufel.SnapshotsInPackages;
				PRODUCT_NAME = "$(TARGET_NAME)";
				STRING_CATALOG_GENERATE_SYMBOLS = YES;
				SWIFT_APPROACHABLE_CONCURRENCY = YES;
				SWIFT_DEFAULT_ACTOR_ISOLATION = MainActor;
				SWIFT_EMIT_LOC_STRINGS = YES;
				SWIFT_UPCOMING_FEATURE_MEMBER_IMPORT_VISIBILITY = YES;
				SWIFT_VERSION = 5.0;
				TARGETED_DEVICE_FAMILY = "1,2";
			};
			name = Release;
		};
		BF8865EA2F603DB400FD33E8 /* Debug */ = {
			isa = XCBuildConfiguration;
			buildSettings = {
				BUNDLE_LOADER = "$(TEST_HOST)";
				CODE_SIGN_STYLE = Automatic;
				CURRENT_PROJECT_VERSION = 1;
				DEVELOPMENT_TEAM = 7962U4F3M2;
				GENERATE_INFOPLIST_FILE = YES;
				IPHONEOS_DEPLOYMENT_TARGET = 26.2;
				MARKETING_VERSION = 1.0;
				PRODUCT_BUNDLE_IDENTIFIER = de.teufel.SnapshotsInPackagesTests;
				PRODUCT_NAME = "$(TARGET_NAME)";
				STRING_CATALOG_GENERATE_SYMBOLS = NO;
				SWIFT_APPROACHABLE_CONCURRENCY = YES;
				SWIFT_EMIT_LOC_STRINGS = NO;
				SWIFT_UPCOMING_FEATURE_MEMBER_IMPORT_VISIBILITY = YES;
				SWIFT_VERSION = 5.0;
				TARGETED_DEVICE_FAMILY = "1,2";
				TEST_HOST = "$(BUILT_PRODUCTS_DIR)/SnapshotsInPackages.app/$(BUNDLE_EXECUTABLE_FOLDER_PATH)/SnapshotsInPackages";
			};
			name = Debug;
		};
		BF8865EB2F603DB400FD33E8 /* Release */ = {
			isa = XCBuildConfiguration;
			buildSettings = {
				BUNDLE_LOADER = "$(TEST_HOST)";
				CODE_SIGN_STYLE = Automatic;
				CURRENT_PROJECT_VERSION = 1;
				DEVELOPMENT_TEAM = 7962U4F3M2;
				GENERATE_INFOPLIST_FILE = YES;
				IPHONEOS_DEPLOYMENT_TARGET = 26.2;
				MARKETING_VERSION = 1.0;
				PRODUCT_BUNDLE_IDENTIFIER = de.teufel.SnapshotsInPackagesTests;
				PRODUCT_NAME = "$(TARGET_NAME)";
				STRING_CATALOG_GENERATE_SYMBOLS = NO;
				SWIFT_APPROACHABLE_CONCURRENCY = YES;
				SWIFT_EMIT_LOC_STRINGS = NO;
				SWIFT_UPCOMING_FEATURE_MEMBER_IMPORT_VISIBILITY = YES;
				SWIFT_VERSION = 5.0;
				TARGETED_DEVICE_FAMILY = "1,2";
				TEST_HOST = "$(BUILT_PRODUCTS_DIR)/SnapshotsInPackages.app/$(BUNDLE_EXECUTABLE_FOLDER_PATH)/SnapshotsInPackages";
			};
			name = Release;
		};
/* End XCBuildConfiguration section */

/* Begin XCConfigurationList section */
		BF8865C02F603DAF00FD33E8 /* Build configuration list for PBXProject "SnapshotsInPackages" */ = {
			isa = XCConfigurationList;
			buildConfigurations = (
				BF8865E42F603DB400FD33E8 /* Debug */,
				BF8865E52F603DB400FD33E8 /* Release */,
			);
			defaultConfigurationIsVisible = 0;
			defaultConfigurationName = Release;
		};
		BF8865E62F603DB400FD33E8 /* Build configuration list for PBXNativeTarget "SnapshotsInPackages" */ = {
			isa = XCConfigurationList;
			buildConfigurations = (
				BF8865E72F603DB400FD33E8 /* Debug */,
				BF8865E82F603DB400FD33E8 /* Release */,
			);
			defaultConfigurationIsVisible = 0;
			defaultConfigurationName = Release;
		};
		BF8865E92F603DB400FD33E8 /* Build configuration list for PBXNativeTarget "SnapshotsInPackagesTests" */ = {
			isa = XCConfigurationList;
			buildConfigurations = (
				BF8865EA2F603DB400FD33E8 /* Debug */,
				BF8865EB2F603DB400FD33E8 /* Release */,
			);
			defaultConfigurationIsVisible = 0;
			defaultConfigurationName = Release;
		};
/* End XCConfigurationList section */

/* Begin XCLocalSwiftPackageReference section */
		BF16586B2F631E8800CB0EF2 /* XCLocalSwiftPackageReference "../../HostedSnapshotHelper" */ = {
			isa = XCLocalSwiftPackageReference;
			relativePath = ../../HostedSnapshotHelper;
		};
		F8E83410CFDBAEAD7C82F7FA /* XCLocalSwiftPackageReference "LocalExamplePackage" */ = {
			isa = XCLocalSwiftPackageReference;
			relativePath = LocalExamplePackage;
		};
/* End XCLocalSwiftPackageReference section */

/* Begin XCSwiftPackageProductDependency section */
		0550184230ECA4237576D053 /* LocalExamplePackage */ = {
			isa = XCSwiftPackageProductDependency;
			package = F8E83410CFDBAEAD7C82F7FA /* XCLocalSwiftPackageReference "LocalExamplePackage" */;
			productName = LocalExamplePackage;
		};
		BF16586C2F631E8800CB0EF2 /* HostedSnapshotHelper */ = {
			isa = XCSwiftPackageProductDependency;
			package = BF16586B2F631E8800CB0EF2 /* XCLocalSwiftPackageReference "../../HostedSnapshotHelper" */;
			productName = HostedSnapshotHelper;
		};
/* End XCSwiftPackageProductDependency section */
	};
	rootObject = BF8865BD2F603DAF00FD33E8 /* Project object */;
}
